
Microsoft Visual Studio Solution File, Format Version 12.00
# Visual Studio Version 17
VisualStudioVersion = 17.14.36202.13 d17.14
MinimumVisualStudioVersion = 10.0.40219.1
Project("{FAE04EC0-301F-11D3-BF4B-00C04F79EFBC}") = "OrdersApi.Domain", "src\OrdersApi.Domain\OrdersApi.Domain.csproj", "{88A72A95-90E6-489F-B527-FE324C23A074}"
EndProject
Project("{FAE04EC0-301F-11D3-BF4B-00C04F79EFBC}") = "OrdersApi.Application", "src\OrdersApi.Application\OrdersApi.Application.csproj", "{8AC42F0D-2DC7-4F11-9DA6-4FAD92D76036}"
EndProject
Project("{FAE04EC0-301F-11D3-BF4B-00C04F79EFBC}") = "OrdersApi.Infrastructure", "src\OrdersApi.Infrastructure\OrdersApi.Infrastructure.csproj", "{A6502911-2523-4423-8CD2-D9C728797714}"
EndProject
Project("{FAE04EC0-301F-11D3-BF4B-00C04F79EFBC}") = "OrdersApi.Web", "src\OrdersApi.Web\OrdersApi.Web.csproj", "{68C23C09-ECAF-4697-8A16-D2F6A39BAE43}"
EndProject
Project("{FAE04EC0-301F-11D3-BF4B-00C04F79EFBC}") = "OrdersApi.Tests", "test\OrdersApi.Tests\OrdersApi.Tests.csproj", "{B8648623-677E-477B-AFB6-0F799DDB9C36}"
EndProject
Global
	GlobalSection(SolutionConfigurationPlatforms) = preSolution
		Debug|Any CPU = Debug|Any CPU
		Release|Any CPU = Release|Any CPU
	EndGlobalSection
	GlobalSection(ProjectConfigurationPlatforms) = postSolution
		{88A72A95-90E6-489F-B527-FE324C23A074}.Debug|Any CPU.ActiveCfg = Debug|Any CPU
		{88A72A95-90E6-489F-B527-FE324C23A074}.Debug|Any CPU.Build.0 = Debug|Any CPU
		{88A72A95-90E6-489F-B527-FE324C23A074}.Release|Any CPU.ActiveCfg = Release|Any CPU
		{88A72A95-90E6-489F-B527-FE324C23A074}.Release|Any CPU.Build.0 = Release|Any CPU
		{8AC42F0D-2DC7-4F11-9DA6-4FAD92D76036}.Debug|Any CPU.ActiveCfg = Debug|Any CPU
		{8AC42F0D-2DC7-4F11-9DA6-4FAD92D76036}.Debug|Any CPU.Build.0 = Debug|Any CPU
		{8AC42F0D-2DC7-4F11-9DA6-4FAD92D76036}.Release|Any CPU.ActiveCfg = Release|Any CPU
		{8AC42F0D-2DC7-4F11-9DA6-4FAD92D76036}.Release|Any CPU.Build.0 = Release|Any CPU
		{A6502911-2523-4423-8CD2-D9C728797714}.Debug|Any CPU.ActiveCfg = Debug|Any CPU
		{A6502911-2523-4423-8CD2-D9C728797714}.Debug|Any CPU.Build.0 = Debug|Any CPU
		{A6502911-2523-4423-8CD2-D9C728797714}.Release|Any CPU.ActiveCfg = Release|Any CPU
		{A6502911-2523-4423-8CD2-D9C728797714}.Release|Any CPU.Build.0 = Release|Any CPU
		{68C23C09-ECAF-4697-8A16-D2F6A39BAE43}.Debug|Any CPU.ActiveCfg = Debug|Any CPU
		{68C23C09-ECAF-4697-8A16-D2F6A39BAE43}.Debug|Any CPU.Build.0 = Debug|Any CPU
		{68C23C09-ECAF-4697-8A16-D2F6A39BAE43}.Release|Any CPU.ActiveCfg = Release|Any CPU
		{68C23C09-ECAF-4697-8A16-D2F6A39BAE43}.Release|Any CPU.Build.0 = Release|Any CPU
		{B8648623-677E-477B-AFB6-0F799DDB9C36}.Debug|Any CPU.ActiveCfg = Debug|Any CPU
		{B8648623-677E-477B-AFB6-0F799DDB9C36}.Debug|Any CPU.Build.0 = Debug|Any CPU
		{B8648623-677E-477B-AFB6-0F799DDB9C36}.Release|Any CPU.ActiveCfg = Release|Any CPU
		{B8648623-677E-477B-AFB6-0F799DDB9C36}.Release|Any CPU.Build.0 = Release|Any CPU
	EndGlobalSection
	GlobalSection(SolutionProperties) = preSolution
		HideSolutionNode = FALSE
	EndGlobalSection
	GlobalSection(ExtensibilityGlobals) = postSolution
		SolutionGuid = {D2B89F04-22D3-465D-BE05-D1ECCD5C8D0B}
	EndGlobalSection
EndGlobal
